PODS:
  - EAScrollBar (0.1.10)
  - RotatingArrowView (0.1.3)

DEPENDENCIES:
  - EAScrollBar
  - RotatingArrowView

SPEC CHECKSUMS:
  EAScrollBar: 9f81e13dc2861a9fda94c3e0e739f2b60b3784d6
  RotatingArrowView: 4fc56c297eb8bf8f220efd1de9b130ba48de87ff

PODFILE CHECKSUM: 7d3d527c3cdfd75efd98f8c8ece63845eb5f5bbb

COCOAPODS: 1.4.0
