// !$*UTF8*$!
{
	archiveVersion = 1;
	classes = {
	};
	objectVersion = 48;
	objects = {

/* Begin PBXBuildFile section */
		42123C5F20811FF400E268C1 /* AppDelegate.swift in Sources */ = {isa = PBXBuildFile; fileRef = 42123C5E20811FF400E268C1 /* AppDelegate.swift */; };
		42123C6120811FF400E268C1 /* ViewController.swift in Sources */ = {isa = PBXBuildFile; fileRef = 42123C6020811FF400E268C1 /* ViewController.swift */; };
		42123C6420811FF400E268C1 /* Main.storyboard in Resources */ = {isa = PBXBuildFile; fileRef = 42123C6220811FF400E268C1 /* Main.storyboard */; };
		42123C6620811FF400E268C1 /* Assets.xcassets in Resources */ = {isa = PBXBuildFile; fileRef = 42123C6520811FF400E268C1 /* Assets.xcassets */; };
		42123C6920811FF400E268C1 /* LaunchScreen.storyboard in Resources */ = {isa = PBXBuildFile; fileRef = 42123C6720811FF400E268C1 /* LaunchScreen.storyboard */; };
		42123C7420811FF400E268C1 /* JSTextTableViewTests.swift in Sources */ = {isa = PBXBuildFile; fileRef = 42123C7320811FF400E268C1 /* JSTextTableViewTests.swift */; };
		42123C7F20811FF400E268C1 /* JSTextTableViewUITests.swift in Sources */ = {isa = PBXBuildFile; fileRef = 42123C7E20811FF400E268C1 /* JSTextTableViewUITests.swift */; };
		42123C8D2081205500E268C1 /* JSTextTableView.swift in Sources */ = {isa = PBXBuildFile; fileRef = 42123C8C2081205500E268C1 /* JSTextTableView.swift */; };
		42123C8F2081213100E268C1 /* shachritAshkinaz.rtf in Resources */ = {isa = PBXBuildFile; fileRef = 42123C8E2081213100E268C1 /* shachritAshkinaz.rtf */; };
		42123C912081215500E268C1 /* Cells.swift in Sources */ = {isa = PBXBuildFile; fileRef = 42123C902081215500E268C1 /* Cells.swift */; };
		42123C952081558000E268C1 /* Data.swift in Sources */ = {isa = PBXBuildFile; fileRef = 42123C942081558000E268C1 /* Data.swift */; };
/* End PBXBuildFile section */

/* Begin PBXContainerItemProxy section */
		42123C7020811FF400E268C1 /* PBXContainerItemProxy */ = {
			isa = PBXContainerItemProxy;
			containerPortal = 42123C5320811FF400E268C1 /* Project object */;
			proxyType = 1;
			remoteGlobalIDString = 42123C5A20811FF400E268C1;
			remoteInfo = JSTextTableView;
		};
		42123C7B20811FF400E268C1 /* PBXContainerItemProxy */ = {
			isa = PBXContainerItemProxy;
			containerPortal = 42123C5320811FF400E268C1 /* Project object */;
			proxyType = 1;
			remoteGlobalIDString = 42123C5A20811FF400E268C1;
			remoteInfo = JSTextTableView;
		};
/* End PBXContainerItemProxy section */

/* Begin PBXFileReference section */
		42123C5B20811FF400E268C1 /* JSTextTableView.app */ = {isa = PBXFileReference; explicitFileType = wrapper.application; includeInIndex = 0; path = JSTextTableView.app; sourceTree = BUILT_PRODUCTS_DIR; };
		42123C5E20811FF400E268C1 /* AppDelegate.swift */ = {isa = PBXFileReference; lastKnownFileType = sourcecode.swift; path = AppDelegate.swift; sourceTree = "<group>"; };
		42123C6020811FF400E268C1 /* ViewController.swift */ = {isa = PBXFileReference; lastKnownFileType = sourcecode.swift; path = ViewController.swift; sourceTree = "<group>"; };
		42123C6320811FF400E268C1 /* Base */ = {isa = PBXFileReference; lastKnownFileType = file.storyboard; name = Base; path = Base.lproj/Main.storyboard; sourceTree = "<group>"; };
		42123C6520811FF400E268C1 /* Assets.xcassets */ = {isa = PBXFileReference; lastKnownFileType = folder.assetcatalog; path = Assets.xcassets; sourceTree = "<group>"; };
		42123C6820811FF400E268C1 /* Base */ = {isa = PBXFileReference; lastKnownFileType = file.storyboard; name = Base; path = Base.lproj/LaunchScreen.storyboard; sourceTree = "<group>"; };
		42123C6A20811FF400E268C1 /* Info.plist */ = {isa = PBXFileReference; lastKnownFileType = text.plist.xml; path = Info.plist; sourceTree = "<group>"; };
		42123C6F20811FF400E268C1 /* JSTextTableViewTests.xctest */ = {isa = PBXFileReference; explicitFileType = wrapper.cfbundle; includeInIndex = 0; path = JSTextTableViewTests.xctest; sourceTree = BUILT_PRODUCTS_DIR; };
		42123C7320811FF400E268C1 /* JSTextTableViewTests.swift */ = {isa = PBXFileReference; lastKnownFileType = sourcecode.swift; path = JSTextTableViewTests.swift; sourceTree = "<group>"; };
		42123C7520811FF400E268C1 /* Info.plist */ = {isa = PBXFileReference; lastKnownFileType = text.plist.xml; path = Info.plist; sourceTree = "<group>"; };
		42123C7A20811FF400E268C1 /* JSTextTableViewUITests.xctest */ = {isa = PBXFileReference; explicitFileType = wrapper.cfbundle; includeInIndex = 0; path = JSTextTableViewUITests.xctest; sourceTree = BUILT_PRODUCTS_DIR; };
		42123C7E20811FF400E268C1 /* JSTextTableViewUITests.swift */ = {isa = PBXFileReference; lastKnownFileType = sourcecode.swift; path = JSTextTableViewUITests.swift; sourceTree = "<group>"; };
		42123C8020811FF400E268C1 /* Info.plist */ = {isa = PBXFileReference; lastKnownFileType = text.plist.xml; path = Info.plist; sourceTree = "<group>"; };
		42123C8C2081205500E268C1 /* JSTextTableView.swift */ = {isa = PBXFileReference; lastKnownFileType = sourcecode.swift; path = JSTextTableView.swift; sourceTree = "<group>"; };
		42123C8E2081213100E268C1 /* shachritAshkinaz.rtf */ = {isa = PBXFileReference; fileEncoding = 4; lastKnownFileType = text.rtf; path = shachritAshkinaz.rtf; sourceTree = "<group>"; };
		42123C902081215500E268C1 /* Cells.swift */ = {isa = PBXFileReference; lastKnownFileType = sourcecode.swift; path = Cells.swift; sourceTree = "<group>"; };
		42123C942081558000E268C1 /* Data.swift */ = {isa = PBXFileReference; lastKnownFileType = sourcecode.swift; path = Data.swift; sourceTree = "<group>"; };
/* End PBXFileReference section */

/* Begin PBXFrameworksBuildPhase section */
		42123C5820811FF400E268C1 /* Frameworks */ = {
			isa = PBXFrameworksBuildPhase;
			buildActionMask = 2147483647;
			files = (
			);
			runOnlyForDeploymentPostprocessing = 0;
		};
		42123C6C20811FF400E268C1 /* Frameworks */ = {
			isa = PBXFrameworksBuildPhase;
			buildActionMask = 2147483647;
			files = (
			);
			runOnlyForDeploymentPostprocessing = 0;
		};
		42123C7720811FF400E268C1 /* Frameworks */ = {
			isa = PBXFrameworksBuildPhase;
			buildActionMask = 2147483647;
			files = (
			);
			runOnlyForDeploymentPostprocessing = 0;
		};
/* End PBXFrameworksBuildPhase section */

/* Begin PBXGroup section */
		42123C5220811FF400E268C1 = {
			isa = PBXGroup;
			children = (
				42123C5D20811FF400E268C1 /* JSTextTableView */,
				42123C7220811FF400E268C1 /* JSTextTableViewTests */,
				42123C7D20811FF400E268C1 /* JSTextTableViewUITests */,
				42123C5C20811FF400E268C1 /* Products */,
			);
			sourceTree = "<group>";
		};
		42123C5C20811FF400E268C1 /* Products */ = {
			isa = PBXGroup;
			children = (
				42123C5B20811FF400E268C1 /* JSTextTableView.app */,
				42123C6F20811FF400E268C1 /* JSTextTableViewTests.xctest */,
				42123C7A20811FF400E268C1 /* JSTextTableViewUITests.xctest */,
			);
			name = Products;
			sourceTree = "<group>";
		};
		42123C5D20811FF400E268C1 /* JSTextTableView */ = {
			isa = PBXGroup;
			children = (
				42123C5E20811FF400E268C1 /* AppDelegate.swift */,
				42123C6020811FF400E268C1 /* ViewController.swift */,
				42123C6220811FF400E268C1 /* Main.storyboard */,
				42123C6520811FF400E268C1 /* Assets.xcassets */,
				42123C6720811FF400E268C1 /* LaunchScreen.storyboard */,
				42123C6A20811FF400E268C1 /* Info.plist */,
				42123C8E2081213100E268C1 /* shachritAshkinaz.rtf */,
				42123C8C2081205500E268C1 /* JSTextTableView.swift */,
				42123C902081215500E268C1 /* Cells.swift */,
				42123C942081558000E268C1 /* Data.swift */,
			);
			path = JSTextTableView;
			sourceTree = "<group>";
		};
		42123C7220811FF400E268C1 /* JSTextTableViewTests */ = {
			isa = PBXGroup;
			children = (
				42123C7320811FF400E268C1 /* JSTextTableViewTests.swift */,
				42123C7520811FF400E268C1 /* Info.plist */,
			);
			path = JSTextTableViewTests;
			sourceTree = "<group>";
		};
		42123C7D20811FF400E268C1 /* JSTextTableViewUITests */ = {
			isa = PBXGroup;
			children = (
				42123C7E20811FF400E268C1 /* JSTextTableViewUITests.swift */,
				42123C8020811FF400E268C1 /* Info.plist */,
			);
			path = JSTextTableViewUITests;
			sourceTree = "<group>";
		};
/* End PBXGroup section */

/* Begin PBXNativeTarget section */
		42123C5A20811FF400E268C1 /* JSTextTableView */ = {
			isa = PBXNativeTarget;
			buildConfigurationList = 42123C8320811FF400E268C1 /* Build configuration list for PBXNativeTarget "JSTextTableView" */;
			buildPhases = (
				42123C5720811FF400E268C1 /* Sources */,
				42123C5820811FF400E268C1 /* Frameworks */,
				42123C5920811FF400E268C1 /* Resources */,
			);
			buildRules = (
			);
			dependencies = (
			);
			name = JSTextTableView;
			productName = JSTextTableView;
			productReference = 42123C5B20811FF400E268C1 /* JSTextTableView.app */;
			productType = "com.apple.product-type.application";
		};
		42123C6E20811FF400E268C1 /* JSTextTableViewTests */ = {
			isa = PBXNativeTarget;
			buildConfigurationList = 42123C8620811FF400E268C1 /* Build configuration list for PBXNativeTarget "JSTextTableViewTests" */;
			buildPhases = (
				42123C6B20811FF400E268C1 /* Sources */,
				42123C6C20811FF400E268C1 /* Frameworks */,
				42123C6D20811FF400E268C1 /* Resources */,
			);
			buildRules = (
			);
			dependencies = (
				42123C7120811FF400E268C1 /* PBXTargetDependency */,
			);
			name = JSTextTableViewTests;
			productName = JSTextTableViewTests;
			productReference = 42123C6F20811FF400E268C1 /* JSTextTableViewTests.xctest */;
			productType = "com.apple.product-type.bundle.unit-test";
		};
		42123C7920811FF400E268C1 /* JSTextTableViewUITests */ = {
			isa = PBXNativeTarget;
			buildConfigurationList = 42123C8920811FF400E268C1 /* Build configuration list for PBXNativeTarget "JSTextTableViewUITests" */;
			buildPhases = (
				42123C7620811FF400E268C1 /* Sources */,
				42123C7720811FF400E268C1 /* Frameworks */,
				42123C7820811FF400E268C1 /* Resources */,
			);
			buildRules = (
			);
			dependencies = (
				42123C7C20811FF400E268C1 /* PBXTargetDependency */,
			);
			name = JSTextTableViewUITests;
			productName = JSTextTableViewUITests;
			productReference = 42123C7A20811FF400E268C1 /* JSTextTableViewUITests.xctest */;
			productType = "com.apple.product-type.bundle.ui-testing";
		};
/* End PBXNativeTarget section */

/* Begin PBXProject section */
		42123C5320811FF400E268C1 /* Project object */ = {
			isa = PBXProject;
			attributes = {
				LastSwiftUpdateCheck = 0920;
				LastUpgradeCheck = 0920;
				ORGANIZATIONNAME = "Jesse Seidman";
				TargetAttributes = {
					42123C5A20811FF400E268C1 = {
						CreatedOnToolsVersion = 9.2;
						ProvisioningStyle = Automatic;
					};
					42123C6E20811FF400E268C1 = {
						CreatedOnToolsVersion = 9.2;
						ProvisioningStyle = Automatic;
						TestTargetID = 42123C5A20811FF400E268C1;
					};
					42123C7920811FF400E268C1 = {
						CreatedOnToolsVersion = 9.2;
						ProvisioningStyle = Automatic;
						TestTargetID = 42123C5A20811FF400E268C1;
					};
				};
			};
			buildConfigurationList = 42123C5620811FF400E268C1 /* Build configuration list for PBXProject "JSTextTableView" */;
			compatibilityVersion = "Xcode 8.0";
			developmentRegion = en;
			hasScannedForEncodings = 0;
			knownRegions = (
				en,
				Base,
			);
			mainGroup = 42123C5220811FF400E268C1;
			productRefGroup = 42123C5C20811FF400E268C1 /* Products */;
			projectDirPath = "";
			projectRoot = "";
			targets = (
				42123C5A20811FF400E268C1 /* JSTextTableView */,
				42123C6E20811FF400E268C1 /* JSTextTableViewTests */,
				42123C7920811FF400E268C1 /* JSTextTableViewUITests */,
			);
		};
/* End PBXProject section */

/* Begin PBXResourcesBuildPhase section */
		42123C5920811FF400E268C1 /* Resources */ = {
			isa = PBXResourcesBuildPhase;
			buildActionMask = 2147483647;
			files = (
				42123C6920811FF400E268C1 /* LaunchScreen.storyboard in Resources */,
				42123C8F2081213100E268C1 /* shachritAshkinaz.rtf in Resources */,
				42123C6620811FF400E268C1 /* Assets.xcassets in Resources */,
				42123C6420811FF400E268C1 /* Main.storyboard in Resources */,
			);
			runOnlyForDeploymentPostprocessing = 0;
		};
		42123C6D20811FF400E268C1 /* Resources */ = {
			isa = PBXResourcesBuildPhase;
			buildActionMask = 2147483647;
			files = (
			);
			runOnlyForDeploymentPostprocessing = 0;
		};
		42123C7820811FF400E268C1 /* Resources */ = {
			isa = PBXResourcesBuildPhase;
			buildActionMask = 2147483647;
			files = (
			);
			runOnlyForDeploymentPostprocessing = 0;
		};
/* End PBXResourcesBuildPhase section */

/* Begin PBXSourcesBuildPhase section */
		42123C5720811FF400E268C1 /* Sources */ = {
			isa = PBXSourcesBuildPhase;
			buildActionMask = 2147483647;
			files = (
				42123C6120811FF400E268C1 /* ViewController.swift in Sources */,
				42123C952081558000E268C1 /* Data.swift in Sources */,
				42123C912081215500E268C1 /* Cells.swift in Sources */,
				42123C8D2081205500E268C1 /* JSTextTableView.swift in Sources */,
				42123C5F20811FF400E268C1 /* AppDelegate.swift in Sources */,
			);
			runOnlyForDeploymentPostprocessing = 0;
		};
		42123C6B20811FF400E268C1 /* Sources */ = {
			isa = PBXSourcesBuildPhase;
			buildActionMask = 2147483647;
			files = (
				42123C7420811FF400E268C1 /* JSTextTableViewTests.swift in Sources */,
			);
			runOnlyForDeploymentPostprocessing = 0;
		};
		42123C7620811FF400E268C1 /* Sources */ = {
			isa = PBXSourcesBuildPhase;
			buildActionMask = 2147483647;
			files = (
				42123C7F20811FF400E268C1 /* JSTextTableViewUITests.swift in Sources */,
			);
			runOnlyForDeploymentPostprocessing = 0;
		};
/* End PBXSourcesBuildPhase section */

/* Begin PBXTargetDependency section */
		42123C7120811FF400E268C1 /* PBXTargetDependency */ = {
			isa = PBXTargetDependency;
			target = 42123C5A20811FF400E268C1 /* JSTextTableView */;
			targetProxy = 42123C7020811FF400E268C1 /* PBXContainerItemProxy */;
		};
		42123C7C20811FF400E268C1 /* PBXTargetDependency */ = {
			isa = PBXTargetDependency;
			target = 42123C5A20811FF400E268C1 /* JSTextTableView */;
			targetProxy = 42123C7B20811FF400E268C1 /* PBXContainerItemProxy */;
		};
/* End PBXTargetDependency section */

/* Begin PBXVariantGroup section */
		42123C6220811FF400E268C1 /* Main.storyboard */ = {
			isa = PBXVariantGroup;
			children = (
				42123C6320811FF400E268C1 /* Base */,
			);
			name = Main.storyboard;
			sourceTree = "<group>";
		};
		42123C6720811FF400E268C1 /* LaunchScreen.storyboard */ = {
			isa = PBXVariantGroup;
			children = (
				42123C6820811FF400E268C1 /* Base */,
			);
			name = LaunchScreen.storyboard;
			sourceTree = "<group>";
		};
/* End PBXVariantGroup section */

/* Begin XCBuildConfiguration section */
		42123C8120811FF400E268C1 /* Debug */ = {
			isa = XCBuildConfiguration;
			buildSettings = {
				ALWAYS_SEARCH_USER_PATHS = NO;
				CLANG_ANALYZER_NONNULL = YES;
				CLANG_ANALYZER_NUMBER_OBJECT_CONVERSION = YES_AGGRESSIVE;
				CLANG_CXX_LANGUAGE_STANDARD = "gnu++14";
				CLANG_CXX_LIBRARY = "libc++";
				CLANG_ENABLE_MODULES = YES;
				CLANG_ENABLE_OBJC_ARC = YES;
				CLANG_WARN_BLOCK_CAPTURE_AUTORELEASING = YES;
				CLANG_WARN_BOOL_CONVERSION = YES;
				CLANG_WARN_COMMA = YES;
				CLANG_WARN_CONSTANT_CONVERSION = YES;
				CLANG_WARN_DIRECT_OBJC_ISA_USAGE = YES_ERROR;
				CLANG_WARN_DOCUMENTATION_COMMENTS = YES;
				CLANG_WARN_EMPTY_BODY = YES;
				CLANG_WARN_ENUM_CONVERSION = YES;
				CLANG_WARN_INFINITE_RECURSION = YES;
				CLANG_WARN_INT_CONVERSION = YES;
				CLANG_WARN_NON_LITERAL_NULL_CONVERSION = YES;
				CLANG_WARN_OBJC_LITERAL_CONVERSION = YES;
				CLANG_WARN_OBJC_ROOT_CLASS = YES_ERROR;
				CLANG_WARN_RANGE_LOOP_ANALYSIS = YES;
				CLANG_WARN_STRICT_PROTOTYPES = YES;
				CLANG_WARN_SUSPICIOUS_MOVE = YES;
				CLANG_WARN_UNGUARDED_AVAILABILITY = YES_AGGRESSIVE;
				CLANG_WARN_UNREACHABLE_CODE = YES;
				CLANG_WARN__DUPLICATE_METHOD_MATCH = YES;
				CODE_SIGN_IDENTITY = "iPhone Developer";
				COPY_PHASE_STRIP = NO;
				DEBUG_INFORMATION_FORMAT = dwarf;
				ENABLE_STRICT_OBJC_MSGSEND = YES;
				ENABLE_TESTABILITY = YES;
				GCC_C_LANGUAGE_STANDARD = gnu11;
				GCC_DYNAMIC_NO_PIC = NO;
				GCC_NO_COMMON_BLOCKS = YES;
				GCC_OPTIMIZATION_LEVEL = 0;
				GCC_PREPROCESSOR_DEFINITIONS = (
					"DEBUG=1",
					"$(inherited)",
				);
				GCC_WARN_64_TO_32_BIT_CONVERSION = YES;
				GCC_WARN_ABOUT_RETURN_TYPE = YES_ERROR;
				GCC_WARN_UNDECLARED_SELECTOR = YES;
				GCC_WARN_UNINITIALIZED_AUTOS = YES_AGGRESSIVE;
				GCC_WARN_UNUSED_FUNCTION = YES;
				GCC_WARN_UNUSED_VARIABLE = YES;
				IPHONEOS_DEPLOYMENT_TARGET = 11.2;
				MTL_ENABLE_DEBUG_INFO = YES;
				ONLY_ACTIVE_ARCH = YES;
				SDKROOT = iphoneos;
				SWIFT_ACTIVE_COMPILATION_CONDITIONS = DEBUG;
				SWIFT_OPTIMIZATION_LEVEL = "-Onone";
			};
			name = Debug;
		};
		42123C8220811FF400E268C1 /* Release */ = {
			isa = XCBuildConfiguration;
			buildSettings = {
				ALWAYS_SEARCH_USER_PATHS = NO;
				CLANG_ANALYZER_NONNULL = YES;
				CLANG_ANALYZER_NUMBER_OBJECT_CONVERSION = YES_AGGRESSIVE;
				CLANG_CXX_LANGUAGE_STANDARD = "gnu++14";
				CLANG_CXX_LIBRARY = "libc++";
				CLANG_ENABLE_MODULES = YES;
				CLANG_ENABLE_OBJC_ARC = YES;
				CLANG_WARN_BLOCK_CAPTURE_AUTORELEASING = YES;
				CLANG_WARN_BOOL_CONVERSION = YES;
				CLANG_WARN_COMMA = YES;
				CLANG_WARN_CONSTANT_CONVERSION = YES;
				CLANG_WARN_DIRECT_OBJC_ISA_USAGE = YES_ERROR;
				CLANG_WARN_DOCUMENTATION_COMMENTS = YES;
				CLANG_WARN_EMPTY_BODY = YES;
				CLANG_WARN_ENUM_CONVERSION = YES;
				CLANG_WARN_INFINITE_RECURSION = YES;
				CLANG_WARN_INT_CONVERSION = YES;
				CLANG_WARN_NON_LITERAL_NULL_CONVERSION = YES;
				CLANG_WARN_OBJC_LITERAL_CONVERSION = YES;
				CLANG_WARN_OBJC_ROOT_CLASS = YES_ERROR;
				CLANG_WARN_RANGE_LOOP_ANALYSIS = YES;
				CLANG_WARN_STRICT_PROTOTYPES = YES;
				CLANG_WARN_SUSPICIOUS_MOVE = YES;
				CLANG_WARN_UNGUARDED_AVAILABILITY = YES_AGGRESSIVE;
				CLANG_WARN_UNREACHABLE_CODE = YES;
				CLANG_WARN__DUPLICATE_METHOD_MATCH = YES;
				CODE_SIGN_IDENTITY = "iPhone Developer";
				COPY_PHASE_STRIP = NO;
				DEBUG_INFORMATION_FORMAT = "dwarf-with-dsym";
				ENABLE_NS_ASSERTIONS = NO;
				ENABLE_STRICT_OBJC_MSGSEND = YES;
				GCC_C_LANGUAGE_STANDARD = gnu11;
				GCC_NO_COMMON_BLOCKS = YES;
				GCC_WARN_64_TO_32_BIT_CONVERSION = YES;
				GCC_WARN_ABOUT_RETURN_TYPE = YES_ERROR;
				GCC_WARN_UNDECLARED_SELECTOR = YES;
				GCC_WARN_UNINITIALIZED_AUTOS = YES_AGGRESSIVE;
				GCC_WARN_UNUSED_FUNCTION = YES;
				GCC_WARN_UNUSED_VARIABLE = YES;
				IPHONEOS_DEPLOYMENT_TARGET = 11.2;
				MTL_ENABLE_DEBUG_INFO = NO;
				SDKROOT = iphoneos;
				SWIFT_OPTIMIZATION_LEVEL = "-Owholemodule";
				VALIDATE_PRODUCT = YES;
			};
			name = Release;
		};
		42123C8420811FF400E268C1 /* Debug */ = {
			isa = XCBuildConfiguration;
			buildSettings = {
				ASSETCATALOG_COMPILER_APPICON_NAME = AppIcon;
				CODE_SIGN_STYLE = Automatic;
				DEVELOPMENT_TEAM = 25U77HKX6R;
				INFOPLIST_FILE = JSTextTableView/Info.plist;
				LD_RUNPATH_SEARCH_PATHS = "$(inherited) @executable_path/Frameworks";
				PRODUCT_BUNDLE_IDENTIFIER = SlideWorm.JSTextTableView;
				PRODUCT_NAME = "$(TARGET_NAME)";
				SWIFT_VERSION = 4.0;
				TARGETED_DEVICE_FAMILY = "1,2";
			};
			name = Debug;
		};
		42123C8520811FF400E268C1 /* Release */ = {
			isa = XCBuildConfiguration;
			buildSettings = {
				ASSETCATALOG_COMPILER_APPICON_NAME = AppIcon;
				CODE_SIGN_STYLE = Automatic;
				DEVELOPMENT_TEAM = 25U77HKX6R;
				INFOPLIST_FILE = JSTextTableView/Info.plist;
				LD_RUNPATH_SEARCH_PATHS = "$(inherited) @executable_path/Frameworks";
				PRODUCT_BUNDLE_IDENTIFIER = SlideWorm.JSTextTableView;
				PRODUCT_NAME = "$(TARGET_NAME)";
				SWIFT_VERSION = 4.0;
				TARGETED_DEVICE_FAMILY = "1,2";
			};
			name = Release;
		};
		42123C8720811FF400E268C1 /* Debug */ = {
			isa = XCBuildConfiguration;
			buildSettings = {
				ALWAYS_EMBED_SWIFT_STANDARD_LIBRARIES = YES;
				BUNDLE_LOADER = "$(TEST_HOST)";
				CODE_SIGN_STYLE = Automatic;
				DEVELOPMENT_TEAM = 25U77HKX6R;
				INFOPLIST_FILE = JSTextTableViewTests/Info.plist;
				LD_RUNPATH_SEARCH_PATHS = "$(inherited) @executable_path/Frameworks @loader_path/Frameworks";
				PRODUCT_BUNDLE_IDENTIFIER = SlideWorm.JSTextTableViewTests;
				PRODUCT_NAME = "$(TARGET_NAME)";
				SWIFT_VERSION = 4.0;
				TARGETED_DEVICE_FAMILY = "1,2";
				TEST_HOST = "$(BUILT_PRODUCTS_DIR)/JSTextTableView.app/JSTextTableView";
			};
			name = Debug;
		};
		42123C8820811FF400E268C1 /* Release */ = {
			isa = XCBuildConfiguration;
			buildSettings = {
				ALWAYS_EMBED_SWIFT_STANDARD_LIBRARIES = YES;
				BUNDLE_LOADER = "$(TEST_HOST)";
				CODE_SIGN_STYLE = Automatic;
				DEVELOPMENT_TEAM = 25U77HKX6R;
				INFOPLIST_FILE = JSTextTableViewTests/Info.plist;
				LD_RUNPATH_SEARCH_PATHS = "$(inherited) @executable_path/Frameworks @loader_path/Frameworks";
				PRODUCT_BUNDLE_IDENTIFIER = SlideWorm.JSTextTableViewTests;
				PRODUCT_NAME = "$(TARGET_NAME)";
				SWIFT_VERSION = 4.0;
				TARGETED_DEVICE_FAMILY = "1,2";
				TEST_HOST = "$(BUILT_PRODUCTS_DIR)/JSTextTableView.app/JSTextTableView";
			};
			name = Release;
		};
		42123C8A20811FF400E268C1 /* Debug */ = {
			isa = XCBuildConfiguration;
			buildSettings = {
				ALWAYS_EMBED_SWIFT_STANDARD_LIBRARIES = YES;
				CODE_SIGN_STYLE = Automatic;
				DEVELOPMENT_TEAM = 25U77HKX6R;
				INFOPLIST_FILE = JSTextTableViewUITests/Info.plist;
				LD_RUNPATH_SEARCH_PATHS = "$(inherited) @executable_path/Frameworks @loader_path/Frameworks";
				PRODUCT_BUNDLE_IDENTIFIER = SlideWorm.JSTextTableViewUITests;
				PRODUCT_NAME = "$(TARGET_NAME)";
				SWIFT_VERSION = 4.0;
				TARGETED_DEVICE_FAMILY = "1,2";
				TEST_TARGET_NAME = JSTextTableView;
			};
			name = Debug;
		};
		42123C8B20811FF400E268C1 /* Release */ = {
			isa = XCBuildConfiguration;
			buildSettings = {
				ALWAYS_EMBED_SWIFT_STANDARD_LIBRARIES = YES;
				CODE_SIGN_STYLE = Automatic;
				DEVELOPMENT_TEAM = 25U77HKX6R;
				INFOPLIST_FILE = JSTextTableViewUITests/Info.plist;
				LD_RUNPATH_SEARCH_PATHS = "$(inherited) @executable_path/Frameworks @loader_path/Frameworks";
				PRODUCT_BUNDLE_IDENTIFIER = SlideWorm.JSTextTableViewUITests;
				PRODUCT_NAME = "$(TARGET_NAME)";
				SWIFT_VERSION = 4.0;
				TARGETED_DEVICE_FAMILY = "1,2";
				TEST_TARGET_NAME = JSTextTableView;
			};
			name = Release;
		};
/* End XCBuildConfiguration section */

/* Begin XCConfigurationList section */
		42123C5620811FF400E268C1 /* Build configuration list for PBXProject "JSTextTableView" */ = {
			isa = XCConfigurationList;
			buildConfigurations = (
				42123C8120811FF400E268C1 /* Debug */,
				42123C8220811FF400E268C1 /* Release */,
			);
			defaultConfigurationIsVisible = 0;
			defaultConfigurationName = Release;
		};
		42123C8320811FF400E268C1 /* Build configuration list for PBXNativeTarget "JSTextTableView" */ = {
			isa = XCConfigurationList;
			buildConfigurations = (
				42123C8420811FF400E268C1 /* Debug */,
				42123C8520811FF400E268C1 /* Release */,
			);
			defaultConfigurationIsVisible = 0;
			defaultConfigurationName = Release;
		};
		42123C8620811FF400E268C1 /* Build configuration list for PBXNativeTarget "JSTextTableViewTests" */ = {
			isa = XCConfigurationList;
			buildConfigurations = (
				42123C8720811FF400E268C1 /* Debug */,
				42123C8820811FF400E268C1 /* Release */,
			);
			defaultConfigurationIsVisible = 0;
			defaultConfigurationName = Release;
		};
		42123C8920811FF400E268C1 /* Build configuration list for PBXNativeTarget "JSTextTableViewUITests" */ = {
			isa = XCConfigurationList;
			buildConfigurations = (
				42123C8A20811FF400E268C1 /* Debug */,
				42123C8B20811FF400E268C1 /* Release */,
			);
			defaultConfigurationIsVisible = 0;
			defaultConfigurationName = Release;
		};
/* End XCConfigurationList section */
	};
	rootObject = 42123C5320811FF400E268C1 /* Project object */;
}
